# THIS IS AN AUTOGENERATED FILE. DO NOT EDIT THIS FILE DIRECTLY.
# yarn lockfile v1


three@^0.97.0:
  version "0.97.0"
  resolved "https://registry.yarnpkg.com/three/-/three-0.97.0.tgz#76141e1b0ace14246fe9198a458fefddc98a4e30"
  integrity sha512-ctZF79O1R2aMIDnz9cV5GUIONyFnYvfQKg4+EAwEVaEr1mgy99rglstH6hhRdIThu3SOa4Ns5da/Ee5fTbWc9A==
